
Microsoft Visual Studio Solution File, Format Version 12.00
# Visual Studio Version 17
VisualStudioVersion = 17.7.34221.43
MinimumVisualStudioVersion = 10.0.40219.1
Project("{FAE04EC0-301F-11D3-BF4B-00C04F79EFBC}") = "ParaExamen2", "ParaExamen2\ParaExamen2.csproj", "{B363B425-173C-4B91-B5C9-E557AD5F5207}"
EndProject
Global
	GlobalSection(SolutionConfigurationPlatforms) = preSolution
		Debug|Any CPU = Debug|Any CPU
		Release|Any CPU = Release|Any CPU
	EndGlobalSection
	GlobalSection(ProjectConfigurationPlatforms) = postSolution
		{B363B425-173C-4B91-B5C9-E557AD5F5207}.Debug|Any CPU.ActiveCfg = Debug|Any CPU
		{B363B425-173C-4B91-B5C9-E557AD5F5207}.Debug|Any CPU.Build.0 = Debug|Any CPU
		{B363B425-173C-4B91-B5C9-E557AD5F5207}.Release|Any CPU.ActiveCfg = Release|Any CPU
		{B363B425-173C-4B91-B5C9-E557AD5F5207}.Release|Any CPU.Build.0 = Release|Any CPU
	EndGlobalSection
	GlobalSection(SolutionProperties) = preSolution
		HideSolutionNode = FALSE
	EndGlobalSection
	GlobalSection(ExtensibilityGlobals) = postSolution
		SolutionGuid = {9A7942D1-3A91-4CF3-BFC1-80E70AB4537D}
	EndGlobalSection
EndGlobal
