
Microsoft Visual Studio Solution File, Format Version 12.00
# Visual Studio Version 17
VisualStudioVersion = 17.7.34221.43
MinimumVisualStudioVersion = 10.0.40219.1
Project("{FAE04EC0-301F-11D3-BF4B-00C04F79EFBC}") = "MVC2024", "MVC2024\MVC2024.csproj", "{B66835DE-59A9-4897-BB47-89FE2B1D6812}"
EndProject
Global
	GlobalSection(SolutionConfigurationPlatforms) = preSolution
		Debug|Any CPU = Debug|Any CPU
		Release|Any CPU = Release|Any CPU
	EndGlobalSection
	GlobalSection(ProjectConfigurationPlatforms) = postSolution
		{B66835DE-59A9-4897-BB47-89FE2B1D6812}.Debug|Any CPU.ActiveCfg = Debug|Any CPU
		{B66835DE-59A9-4897-BB47-89FE2B1D6812}.Debug|Any CPU.Build.0 = Debug|Any CPU
		{B66835DE-59A9-4897-BB47-89FE2B1D6812}.Release|Any CPU.ActiveCfg = Release|Any CPU
		{B66835DE-59A9-4897-BB47-89FE2B1D6812}.Release|Any CPU.Build.0 = Release|Any CPU
	EndGlobalSection
	GlobalSection(SolutionProperties) = preSolution
		HideSolutionNode = FALSE
	EndGlobalSection
	GlobalSection(ExtensibilityGlobals) = postSolution
		SolutionGuid = {DABF0B81-CEEB-4FAF-865F-B85E38B4A711}
	EndGlobalSection
EndGlobal
